
Microsoft Visual Studio Solution File, Format Version 12.00
# Visual Studio Version 16
VisualStudioVersion = 16.0.31729.503
MinimumVisualStudioVersion = 10.0.40219.1
Project("{FAE04EC0-301F-11D3-BF4B-00C04F79EFBC}") = "Customize_PDFExportedColumn", "Customize_PDFExportedColumn\Customize_PDFExportedColumn.csproj", "{58DE8125-E95A-4EF2-B9B5-30F4BB0FC6A3}"
EndProject
Global
	GlobalSection(SolutionConfigurationPlatforms) = preSolution
		Debug|Any CPU = Debug|Any CPU
		Release|Any CPU = Release|Any CPU
	EndGlobalSection
	GlobalSection(ProjectConfigurationPlatforms) = postSolution
		{58DE8125-E95A-4EF2-B9B5-30F4BB0FC6A3}.Debug|Any CPU.ActiveCfg = Debug|Any CPU
		{58DE8125-E95A-4EF2-B9B5-30F4BB0FC6A3}.Debug|Any CPU.Build.0 = Debug|Any CPU
		{58DE8125-E95A-4EF2-B9B5-30F4BB0FC6A3}.Release|Any CPU.ActiveCfg = Release|Any CPU
		{58DE8125-E95A-4EF2-B9B5-30F4BB0FC6A3}.Release|Any CPU.Build.0 = Release|Any CPU
	EndGlobalSection
	GlobalSection(SolutionProperties) = preSolution
		HideSolutionNode = FALSE
	EndGlobalSection
	GlobalSection(ExtensibilityGlobals) = postSolution
		SolutionGuid = {FD63F02C-E704-461E-B0E4-E775BA2D299A}
	EndGlobalSection
EndGlobal
